
Microsoft Visual Studio Solution File, Format Version 12.00
# Visual Studio Version 17
VisualStudioVersion = 17.7.34003.232
MinimumVisualStudioVersion = 10.0.40219.1
Project("{9A19103F-16F7-4668-BE54-9A1E7A4F7556}") = "FundoNote", "FundoNote.csproj", "{1CD94B0B-53F7-4BF1-82E4-A869BAD90876}"
EndProject
Project("{9A19103F-16F7-4668-BE54-9A1E7A4F7556}") = "RepoLayer", "..\RepoLayer\RepoLayer.csproj", "{84C89246-7B03-4227-A034-F163467C75CA}"
EndProject
Project("{9A19103F-16F7-4668-BE54-9A1E7A4F7556}") = "CommonLayer", "..\CommonLayer\CommonLayer.csproj", "{CABB66FA-FEC3-4A3C-821D-FDD3C3D27AFD}"
EndProject
Project("{9A19103F-16F7-4668-BE54-9A1E7A4F7556}") = "BusinessLayer", "..\BusinessLayer\BusinessLayer.csproj", "{5F5030CF-C9CA-4AA3-B1DF-D79BE767F57C}"
EndProject
Project("{9A19103F-16F7-4668-BE54-9A1E7A4F7556}") = "TicketService", "..\TicketService\TicketService.csproj", "{3E2DBCEF-78A6-48DC-81E0-2FEA8FE21911}"
EndProject
Global
	GlobalSection(SolutionConfigurationPlatforms) = preSolution
		Debug|Any CPU = Debug|Any CPU
		Release|Any CPU = Release|Any CPU
	EndGlobalSection
	GlobalSection(ProjectConfigurationPlatforms) = postSolution
		{1CD94B0B-53F7-4BF1-82E4-A869BAD90876}.Debug|Any CPU.ActiveCfg = Debug|Any CPU
		{1CD94B0B-53F7-4BF1-82E4-A869BAD90876}.Debug|Any CPU.Build.0 = Debug|Any CPU
		{1CD94B0B-53F7-4BF1-82E4-A869BAD90876}.Release|Any CPU.ActiveCfg = Release|Any CPU
		{1CD94B0B-53F7-4BF1-82E4-A869BAD90876}.Release|Any CPU.Build.0 = Release|Any CPU
		{84C89246-7B03-4227-A034-F163467C75CA}.Debug|Any CPU.ActiveCfg = Debug|Any CPU
		{84C89246-7B03-4227-A034-F163467C75CA}.Debug|Any CPU.Build.0 = Debug|Any CPU
		{84C89246-7B03-4227-A034-F163467C75CA}.Release|Any CPU.ActiveCfg = Release|Any CPU
		{84C89246-7B03-4227-A034-F163467C75CA}.Release|Any CPU.Build.0 = Release|Any CPU
		{CABB66FA-FEC3-4A3C-821D-FDD3C3D27AFD}.Debug|Any CPU.ActiveCfg = Debug|Any CPU
		{CABB66FA-FEC3-4A3C-821D-FDD3C3D27AFD}.Debug|Any CPU.Build.0 = Debug|Any CPU
		{CABB66FA-FEC3-4A3C-821D-FDD3C3D27AFD}.Release|Any CPU.ActiveCfg = Release|Any CPU
		{CABB66FA-FEC3-4A3C-821D-FDD3C3D27AFD}.Release|Any CPU.Build.0 = Release|Any CPU
		{5F5030CF-C9CA-4AA3-B1DF-D79BE767F57C}.Debug|Any CPU.ActiveCfg = Debug|Any CPU
		{5F5030CF-C9CA-4AA3-B1DF-D79BE767F57C}.Debug|Any CPU.Build.0 = Debug|Any CPU
		{5F5030CF-C9CA-4AA3-B1DF-D79BE767F57C}.Release|Any CPU.ActiveCfg = Release|Any CPU
		{5F5030CF-C9CA-4AA3-B1DF-D79BE767F57C}.Release|Any CPU.Build.0 = Release|Any CPU
		{3E2DBCEF-78A6-48DC-81E0-2FEA8FE21911}.Debug|Any CPU.ActiveCfg = Debug|Any CPU
		{3E2DBCEF-78A6-48DC-81E0-2FEA8FE21911}.Debug|Any CPU.Build.0 = Debug|Any CPU
		{3E2DBCEF-78A6-48DC-81E0-2FEA8FE21911}.Release|Any CPU.ActiveCfg = Release|Any CPU
		{3E2DBCEF-78A6-48DC-81E0-2FEA8FE21911}.Release|Any CPU.Build.0 = Release|Any CPU
	EndGlobalSection
	GlobalSection(SolutionProperties) = preSolution
		HideSolutionNode = FALSE
	EndGlobalSection
	GlobalSection(ExtensibilityGlobals) = postSolution
		SolutionGuid = {DAB76091-FEB8-4D94-A402-2B4952FA56B5}
	EndGlobalSection
EndGlobal
